
Microsoft Visual Studio Solution File, Format Version 12.00
# Visual Studio Version 16
VisualStudioVersion = 16.0.31402.337
MinimumVisualStudioVersion = 10.0.40219.1
Project("{FAE04EC0-301F-11D3-BF4B-00C04F79EFBC}") = "ProductsApp", "ProductsApp\ProductsApp.csproj", "{98EE322D-F957-44A3-9F52-457060427F4D}"
EndProject
Project("{FAE04EC0-301F-11D3-BF4B-00C04F79EFBC}") = "StoreApp.tests", "StoreApp.tests\StoreApp.tests.csproj", "{694CB432-2CE2-4462-B6D9-F8D0FE86BD09}"
EndProject
Global
	GlobalSection(SolutionConfigurationPlatforms) = preSolution
		Debug|Any CPU = Debug|Any CPU
		Release|Any CPU = Release|Any CPU
	EndGlobalSection
	GlobalSection(ProjectConfigurationPlatforms) = postSolution
		{98EE322D-F957-44A3-9F52-457060427F4D}.Debug|Any CPU.ActiveCfg = Debug|Any CPU
		{98EE322D-F957-44A3-9F52-457060427F4D}.Debug|Any CPU.Build.0 = Debug|Any CPU
		{98EE322D-F957-44A3-9F52-457060427F4D}.Release|Any CPU.ActiveCfg = Release|Any CPU
		{98EE322D-F957-44A3-9F52-457060427F4D}.Release|Any CPU.Build.0 = Release|Any CPU
		{694CB432-2CE2-4462-B6D9-F8D0FE86BD09}.Debug|Any CPU.ActiveCfg = Debug|Any CPU
		{694CB432-2CE2-4462-B6D9-F8D0FE86BD09}.Debug|Any CPU.Build.0 = Debug|Any CPU
		{694CB432-2CE2-4462-B6D9-F8D0FE86BD09}.Release|Any CPU.ActiveCfg = Release|Any CPU
		{694CB432-2CE2-4462-B6D9-F8D0FE86BD09}.Release|Any CPU.Build.0 = Release|Any CPU
	EndGlobalSection
	GlobalSection(SolutionProperties) = preSolution
		HideSolutionNode = FALSE
	EndGlobalSection
	GlobalSection(ExtensibilityGlobals) = postSolution
		SolutionGuid = {67830FB3-0007-4DDE-AA52-8C4CC202499F}
	EndGlobalSection
EndGlobal
